# THIS IS AN AUTOGENERATED FILE. DO NOT EDIT THIS FILE DIRECTLY.
# yarn lockfile v1


check-more-types@^2.10.0:
  version "2.24.0"
  resolved "https://registry.yarnpkg.com/check-more-types/-/check-more-types-2.24.0.tgz#1420ffb10fd444dcfc79b43891bbfffd32a84600"

csv-load-sync@^1.0.0:
  version "1.0.0"
  resolved "https://registry.yarnpkg.com/csv-load-sync/-/csv-load-sync-1.0.0.tgz#5285ca993ae0727808f717da6f4362b1b6214205"
  dependencies:
    check-more-types "^2.10.0"
